
Microsoft Visual Studio Solution File, Format Version 12.00
# Visual Studio 15
VisualStudioVersion = 15.0.28307.489
MinimumVisualStudioVersion = 10.0.40219.1
Project("{FAE04EC0-301F-11D3-BF4B-00C04F79EFBC}") = "871761Giacone_CAI", "871761Giacone_CAI\871761Giacone_CAI.csproj", "{03455B86-5C02-4BFB-8B57-9A19D1D7133C}"
EndProject
Global
	GlobalSection(SolutionConfigurationPlatforms) = preSolution
		Debug|Any CPU = Debug|Any CPU
		Release|Any CPU = Release|Any CPU
	EndGlobalSection
	GlobalSection(ProjectConfigurationPlatforms) = postSolution
		{03455B86-5C02-4BFB-8B57-9A19D1D7133C}.Debug|Any CPU.ActiveCfg = Debug|Any CPU
		{03455B86-5C02-4BFB-8B57-9A19D1D7133C}.Debug|Any CPU.Build.0 = Debug|Any CPU
		{03455B86-5C02-4BFB-8B57-9A19D1D7133C}.Release|Any CPU.ActiveCfg = Release|Any CPU
		{03455B86-5C02-4BFB-8B57-9A19D1D7133C}.Release|Any CPU.Build.0 = Release|Any CPU
	EndGlobalSection
	GlobalSection(SolutionProperties) = preSolution
		HideSolutionNode = FALSE
	EndGlobalSection
	GlobalSection(ExtensibilityGlobals) = postSolution
		SolutionGuid = {05B38168-277F-4041-B8F2-4718631820C1}
	EndGlobalSection
EndGlobal
